
Microsoft Visual Studio Solution File, Format Version 12.00
# Visual Studio Version 17
VisualStudioVersion = 17.11.35327.3
MinimumVisualStudioVersion = 10.0.40219.1
Project("{FAE04EC0-301F-11D3-BF4B-00C04F79EFBC}") = "LeaguePatchCollection", "LeaguePatchCollection\LeaguePatchCollection.csproj", "{4A833E22-C0D3-4E6D-88B2-FFC3B9EF650A}"
EndProject
Global
	GlobalSection(SolutionConfigurationPlatforms) = preSolution
		Debug|Any CPU = Debug|Any CPU
		Release|Any CPU = Release|Any CPU
	EndGlobalSection
	GlobalSection(ProjectConfigurationPlatforms) = postSolution
		{4A833E22-C0D3-4E6D-88B2-FFC3B9EF650A}.Debug|Any CPU.ActiveCfg = Debug|Any CPU
		{4A833E22-C0D3-4E6D-88B2-FFC3B9EF650A}.Debug|Any CPU.Build.0 = Debug|Any CPU
		{4A833E22-C0D3-4E6D-88B2-FFC3B9EF650A}.Release|Any CPU.ActiveCfg = Release|Any CPU
		{4A833E22-C0D3-4E6D-88B2-FFC3B9EF650A}.Release|Any CPU.Build.0 = Release|Any CPU
	EndGlobalSection
	GlobalSection(SolutionProperties) = preSolution
		HideSolutionNode = FALSE
	EndGlobalSection
	GlobalSection(ExtensibilityGlobals) = postSolution
		SolutionGuid = {1A828FA4-AE6C-4E5F-A504-5E2951822C43}
	EndGlobalSection
EndGlobal
